// !$*UTF8*$!
{
	archiveVersion = 1;
	classes = {
	};
	objectVersion = 51;
	objects = {

/* Begin PBXBuildFile section */
		2358D02C4B15C46D1E551EE7 /* Pods_SwiftUIMemoDemoApp_SwiftUIMemoDemoAppUITests.framework in Frameworks */ = {isa = PBXBuildFile; fileRef = 097701C84987CE33EAA0F463 /* Pods_SwiftUIMemoDemoApp_SwiftUIMemoDemoAppUITests.framework */; };
		5314070B0823E75C81587AF5 /* Pods_SwiftUIMemoDemoApp.framework in Frameworks */ = {isa = PBXBuildFile; fileRef = 77C68F0B3C8C63E4E0304AB3 /* Pods_SwiftUIMemoDemoApp.framework */; };
		A33B0EC326D27BAA001F6045 /* AppDelegate.swift in Sources */ = {isa = PBXBuildFile; fileRef = A33B0EC226D27BAA001F6045 /* AppDelegate.swift */; };
		A33B0EC526D27BAA001F6045 /* SceneDelegate.swift in Sources */ = {isa = PBXBuildFile; fileRef = A33B0EC426D27BAA001F6045 /* SceneDelegate.swift */; };
		A33B0EC926D27BAD001F6045 /* Assets.xcassets in Resources */ = {isa = PBXBuildFile; fileRef = A33B0EC826D27BAD001F6045 /* Assets.xcassets */; };
		A33B0ECC26D27BAD001F6045 /* Preview Assets.xcassets in Resources */ = {isa = PBXBuildFile; fileRef = A33B0ECB26D27BAD001F6045 /* Preview Assets.xcassets */; };
		A33B0ECF26D27BAD001F6045 /* LaunchScreen.storyboard in Resources */ = {isa = PBXBuildFile; fileRef = A33B0ECD26D27BAD001F6045 /* LaunchScreen.storyboard */; };
		A33B0EDA26D27BAD001F6045 /* SwiftUIMemoDemoAppTests.swift in Sources */ = {isa = PBXBuildFile; fileRef = A33B0ED926D27BAD001F6045 /* SwiftUIMemoDemoAppTests.swift */; };
		A33B0EE526D27BAD001F6045 /* SwiftUIMemoDemoAppUITests.swift in Sources */ = {isa = PBXBuildFile; fileRef = A33B0EE426D27BAD001F6045 /* SwiftUIMemoDemoAppUITests.swift */; };
		A33B0EF826D27FC0001F6045 /* MemoDao.swift in Sources */ = {isa = PBXBuildFile; fileRef = A33B0EF726D27FC0001F6045 /* MemoDao.swift */; };
		A33B0EFE26D282FC001F6045 /* MemoViewModel.swift in Sources */ = {isa = PBXBuildFile; fileRef = A33B0EFD26D282FC001F6045 /* MemoViewModel.swift */; };
		A33B0F0426D2835F001F6045 /* MemoListView.swift in Sources */ = {isa = PBXBuildFile; fileRef = A33B0F0326D2835F001F6045 /* MemoListView.swift */; };
		A33B0F8826D3D711001F6045 /* MemoRowView.swift in Sources */ = {isa = PBXBuildFile; fileRef = A33B0F8726D3D711001F6045 /* MemoRowView.swift */; };
		A33B0F8E26D3D80C001F6045 /* RealmDaoHelper.swift in Sources */ = {isa = PBXBuildFile; fileRef = A33B0F8D26D3D80C001F6045 /* RealmDaoHelper.swift */; };
		A33B0F9426D3D84D001F6045 /* MemoDto.swift in Sources */ = {isa = PBXBuildFile; fileRef = A33B0F9326D3D84D001F6045 /* MemoDto.swift */; };
		E3C35A856C4A7E57815144FA /* Pods_SwiftUIMemoDemoAppTests.framework in Frameworks */ = {isa = PBXBuildFile; fileRef = 71E3B7A74E9AC385D0726E9D /* Pods_SwiftUIMemoDemoAppTests.framework */; };
/* End PBXBuildFile section */

/* Begin PBXContainerItemProxy section */
		A33B0ED626D27BAD001F6045 /* PBXContainerItemProxy */ = {
			isa = PBXContainerItemProxy;
			containerPortal = A33B0EB726D27BAA001F6045 /* Project object */;
			proxyType = 1;
			remoteGlobalIDString = A33B0EBE26D27BAA001F6045;
			remoteInfo = SwiftUIMemoDemoApp;
		};
		A33B0EE126D27BAD001F6045 /* PBXContainerItemProxy */ = {
			isa = PBXContainerItemProxy;
			containerPortal = A33B0EB726D27BAA001F6045 /* Project object */;
			proxyType = 1;
			remoteGlobalIDString = A33B0EBE26D27BAA001F6045;
			remoteInfo = SwiftUIMemoDemoApp;
		};
/* End PBXContainerItemProxy section */

/* Begin PBXFileReference section */
		017E870E0079FD866B493F7C /* Pods-SwiftUIMemoDemoApp.debug.xcconfig */ = {isa = PBXFileReference; includeInIndex = 1; lastKnownFileType = text.xcconfig; name = "Pods-SwiftUIMemoDemoApp.debug.xcconfig"; path = "Target Support Files/Pods-SwiftUIMemoDemoApp/Pods-SwiftUIMemoDemoApp.debug.xcconfig"; sourceTree = "<group>"; };
		05328171C3A3B9F40DCCEF2A /* Pods-SwiftUIMemoDemoApp.release.xcconfig */ = {isa = PBXFileReference; includeInIndex = 1; lastKnownFileType = text.xcconfig; name = "Pods-SwiftUIMemoDemoApp.release.xcconfig"; path = "Target Support Files/Pods-SwiftUIMemoDemoApp/Pods-SwiftUIMemoDemoApp.release.xcconfig"; sourceTree = "<group>"; };
		097701C84987CE33EAA0F463 /* Pods_SwiftUIMemoDemoApp_SwiftUIMemoDemoAppUITests.framework */ = {isa = PBXFileReference; explicitFileType = wrapper.framework; includeInIndex = 0; path = Pods_SwiftUIMemoDemoApp_SwiftUIMemoDemoAppUITests.framework; sourceTree = BUILT_PRODUCTS_DIR; };
		188F44A613911D6E536619BE /* Pods-SwiftUIMemoDemoApp-SwiftUIMemoDemoAppUITests.debug.xcconfig */ = {isa = PBXFileReference; includeInIndex = 1; lastKnownFileType = text.xcconfig; name = "Pods-SwiftUIMemoDemoApp-SwiftUIMemoDemoAppUITests.debug.xcconfig"; path = "Target Support Files/Pods-SwiftUIMemoDemoApp-SwiftUIMemoDemoAppUITests/Pods-SwiftUIMemoDemoApp-SwiftUIMemoDemoAppUITests.debug.xcconfig"; sourceTree = "<group>"; };
		68C8A3BA777FF75B93ACDB2E /* Pods-SwiftUIMemoDemoAppTests.debug.xcconfig */ = {isa = PBXFileReference; includeInIndex = 1; lastKnownFileType = text.xcconfig; name = "Pods-SwiftUIMemoDemoAppTests.debug.xcconfig"; path = "Target Support Files/Pods-SwiftUIMemoDemoAppTests/Pods-SwiftUIMemoDemoAppTests.debug.xcconfig"; sourceTree = "<group>"; };
		71E3B7A74E9AC385D0726E9D /* Pods_SwiftUIMemoDemoAppTests.framework */ = {isa = PBXFileReference; explicitFileType = wrapper.framework; includeInIndex = 0; path = Pods_SwiftUIMemoDemoAppTests.framework; sourceTree = BUILT_PRODUCTS_DIR; };
		77C68F0B3C8C63E4E0304AB3 /* Pods_SwiftUIMemoDemoApp.framework */ = {isa = PBXFileReference; explicitFileType = wrapper.framework; includeInIndex = 0; path = Pods_SwiftUIMemoDemoApp.framework; sourceTree = BUILT_PRODUCTS_DIR; };
		879C2E50FCF379F56EB54CAB /* Pods-SwiftUIMemoDemoApp-SwiftUIMemoDemoAppUITests.release.xcconfig */ = {isa = PBXFileReference; includeInIndex = 1; lastKnownFileType = text.xcconfig; name = "Pods-SwiftUIMemoDemoApp-SwiftUIMemoDemoAppUITests.release.xcconfig"; path = "Target Support Files/Pods-SwiftUIMemoDemoApp-SwiftUIMemoDemoAppUITests/Pods-SwiftUIMemoDemoApp-SwiftUIMemoDemoAppUITests.release.xcconfig"; sourceTree = "<group>"; };
		A33B0EBF26D27BAA001F6045 /* SwiftUIMemoDemoApp.app */ = {isa = PBXFileReference; explicitFileType = wrapper.application; includeInIndex = 0; path = SwiftUIMemoDemoApp.app; sourceTree = BUILT_PRODUCTS_DIR; };
		A33B0EC226D27BAA001F6045 /* AppDelegate.swift */ = {isa = PBXFileReference; lastKnownFileType = sourcecode.swift; path = AppDelegate.swift; sourceTree = "<group>"; };
		A33B0EC426D27BAA001F6045 /* SceneDelegate.swift */ = {isa = PBXFileReference; lastKnownFileType = sourcecode.swift; path = SceneDelegate.swift; sourceTree = "<group>"; };
		A33B0EC826D27BAD001F6045 /* Assets.xcassets */ = {isa = PBXFileReference; lastKnownFileType = folder.assetcatalog; path = Assets.xcassets; sourceTree = "<group>"; };
		A33B0ECB26D27BAD001F6045 /* Preview Assets.xcassets */ = {isa = PBXFileReference; lastKnownFileType = folder.assetcatalog; path = "Preview Assets.xcassets"; sourceTree = "<group>"; };
		A33B0ECE26D27BAD001F6045 /* Base */ = {isa = PBXFileReference; lastKnownFileType = file.storyboard; name = Base; path = Base.lproj/LaunchScreen.storyboard; sourceTree = "<group>"; };
		A33B0ED026D27BAD001F6045 /* Info.plist */ = {isa = PBXFileReference; lastKnownFileType = text.plist.xml; path = Info.plist; sourceTree = "<group>"; };
		A33B0ED526D27BAD001F6045 /* SwiftUIMemoDemoAppTests.xctest */ = {isa = PBXFileReference; explicitFileType = wrapper.cfbundle; includeInIndex = 0; path = SwiftUIMemoDemoAppTests.xctest; sourceTree = BUILT_PRODUCTS_DIR; };
		A33B0ED926D27BAD001F6045 /* SwiftUIMemoDemoAppTests.swift */ = {isa = PBXFileReference; lastKnownFileType = sourcecode.swift; path = SwiftUIMemoDemoAppTests.swift; sourceTree = "<group>"; };
		A33B0EDB26D27BAD001F6045 /* Info.plist */ = {isa = PBXFileReference; lastKnownFileType = text.plist.xml; path = Info.plist; sourceTree = "<group>"; };
		A33B0EE026D27BAD001F6045 /* SwiftUIMemoDemoAppUITests.xctest */ = {isa = PBXFileReference; explicitFileType = wrapper.cfbundle; includeInIndex = 0; path = SwiftUIMemoDemoAppUITests.xctest; sourceTree = BUILT_PRODUCTS_DIR; };
		A33B0EE426D27BAD001F6045 /* SwiftUIMemoDemoAppUITests.swift */ = {isa = PBXFileReference; lastKnownFileType = sourcecode.swift; path = SwiftUIMemoDemoAppUITests.swift; sourceTree = "<group>"; };
		A33B0EE626D27BAD001F6045 /* Info.plist */ = {isa = PBXFileReference; lastKnownFileType = text.plist.xml; path = Info.plist; sourceTree = "<group>"; };
		A33B0EF726D27FC0001F6045 /* MemoDao.swift */ = {isa = PBXFileReference; lastKnownFileType = sourcecode.swift; path = MemoDao.swift; sourceTree = "<group>"; };
		A33B0EFD26D282FC001F6045 /* MemoViewModel.swift */ = {isa = PBXFileReference; lastKnownFileType = sourcecode.swift; path = MemoViewModel.swift; sourceTree = "<group>"; };
		A33B0F0326D2835F001F6045 /* MemoListView.swift */ = {isa = PBXFileReference; lastKnownFileType = sourcecode.swift; path = MemoListView.swift; sourceTree = "<group>"; };
		A33B0F8726D3D711001F6045 /* MemoRowView.swift */ = {isa = PBXFileReference; lastKnownFileType = sourcecode.swift; path = MemoRowView.swift; sourceTree = "<group>"; };
		A33B0F8D26D3D80C001F6045 /* RealmDaoHelper.swift */ = {isa = PBXFileReference; lastKnownFileType = sourcecode.swift; path = RealmDaoHelper.swift; sourceTree = "<group>"; };
		A33B0F9326D3D84D001F6045 /* MemoDto.swift */ = {isa = PBXFileReference; lastKnownFileType = sourcecode.swift; path = MemoDto.swift; sourceTree = "<group>"; };
		F4B7BBA7077FBF449641C014 /* Pods-SwiftUIMemoDemoAppTests.release.xcconfig */ = {isa = PBXFileReference; includeInIndex = 1; lastKnownFileType = text.xcconfig; name = "Pods-SwiftUIMemoDemoAppTests.release.xcconfig"; path = "Target Support Files/Pods-SwiftUIMemoDemoAppTests/Pods-SwiftUIMemoDemoAppTests.release.xcconfig"; sourceTree = "<group>"; };
/* End PBXFileReference section */

/* Begin PBXFrameworksBuildPhase section */
		A33B0EBC26D27BAA001F6045 /* Frameworks */ = {
			isa = PBXFrameworksBuildPhase;
			buildActionMask = 2147483647;
			files = (
				5314070B0823E75C81587AF5 /* Pods_SwiftUIMemoDemoApp.framework in Frameworks */,
			);
			runOnlyForDeploymentPostprocessing = 0;
		};
		A33B0ED226D27BAD001F6045 /* Frameworks */ = {
			isa = PBXFrameworksBuildPhase;
			buildActionMask = 2147483647;
			files = (
				E3C35A856C4A7E57815144FA /* Pods_SwiftUIMemoDemoAppTests.framework in Frameworks */,
			);
			runOnlyForDeploymentPostprocessing = 0;
		};
		A33B0EDD26D27BAD001F6045 /* Frameworks */ = {
			isa = PBXFrameworksBuildPhase;
			buildActionMask = 2147483647;
			files = (
				2358D02C4B15C46D1E551EE7 /* Pods_SwiftUIMemoDemoApp_SwiftUIMemoDemoAppUITests.framework in Frameworks */,
			);
			runOnlyForDeploymentPostprocessing = 0;
		};
/* End PBXFrameworksBuildPhase section */

/* Begin PBXGroup section */
		774FB7EE67E1B97797BBB147 /* Pods */ = {
			isa = PBXGroup;
			children = (
				017E870E0079FD866B493F7C /* Pods-SwiftUIMemoDemoApp.debug.xcconfig */,
				05328171C3A3B9F40DCCEF2A /* Pods-SwiftUIMemoDemoApp.release.xcconfig */,
				188F44A613911D6E536619BE /* Pods-SwiftUIMemoDemoApp-SwiftUIMemoDemoAppUITests.debug.xcconfig */,
				879C2E50FCF379F56EB54CAB /* Pods-SwiftUIMemoDemoApp-SwiftUIMemoDemoAppUITests.release.xcconfig */,
				68C8A3BA777FF75B93ACDB2E /* Pods-SwiftUIMemoDemoAppTests.debug.xcconfig */,
				F4B7BBA7077FBF449641C014 /* Pods-SwiftUIMemoDemoAppTests.release.xcconfig */,
			);
			path = Pods;
			sourceTree = "<group>";
		};
		8CF49C734F5C4A395D740761 /* Frameworks */ = {
			isa = PBXGroup;
			children = (
				77C68F0B3C8C63E4E0304AB3 /* Pods_SwiftUIMemoDemoApp.framework */,
				097701C84987CE33EAA0F463 /* Pods_SwiftUIMemoDemoApp_SwiftUIMemoDemoAppUITests.framework */,
				71E3B7A74E9AC385D0726E9D /* Pods_SwiftUIMemoDemoAppTests.framework */,
			);
			name = Frameworks;
			sourceTree = "<group>";
		};
		A33B0EB626D27BAA001F6045 = {
			isa = PBXGroup;
			children = (
				A33B0EC126D27BAA001F6045 /* SwiftUIMemoDemoApp */,
				A33B0ED826D27BAD001F6045 /* SwiftUIMemoDemoAppTests */,
				A33B0EE326D27BAD001F6045 /* SwiftUIMemoDemoAppUITests */,
				A33B0EC026D27BAA001F6045 /* Products */,
				774FB7EE67E1B97797BBB147 /* Pods */,
				8CF49C734F5C4A395D740761 /* Frameworks */,
			);
			sourceTree = "<group>";
		};
		A33B0EC026D27BAA001F6045 /* Products */ = {
			isa = PBXGroup;
			children = (
				A33B0EBF26D27BAA001F6045 /* SwiftUIMemoDemoApp.app */,
				A33B0ED526D27BAD001F6045 /* SwiftUIMemoDemoAppTests.xctest */,
				A33B0EE026D27BAD001F6045 /* SwiftUIMemoDemoAppUITests.xctest */,
			);
			name = Products;
			sourceTree = "<group>";
		};
		A33B0EC126D27BAA001F6045 /* SwiftUIMemoDemoApp */ = {
			isa = PBXGroup;
			children = (
				A33B0F8C26D3D7D0001F6045 /* Helper */,
				A33B0ED026D27BAD001F6045 /* Info.plist */,
				A33B0F0226D28344001F6045 /* View */,
				A33B0EFC26D282D6001F6045 /* ViewModel */,
				A33B0EF626D27F3B001F6045 /* Models */,
				A33B0EF526D27E97001F6045 /* Other */,
				A33B0ECA26D27BAD001F6045 /* Preview Content */,
			);
			path = SwiftUIMemoDemoApp;
			sourceTree = "<group>";
		};
		A33B0ECA26D27BAD001F6045 /* Preview Content */ = {
			isa = PBXGroup;
			children = (
				A33B0ECB26D27BAD001F6045 /* Preview Assets.xcassets */,
			);
			path = "Preview Content";
			sourceTree = "<group>";
		};
		A33B0ED826D27BAD001F6045 /* SwiftUIMemoDemoAppTests */ = {
			isa = PBXGroup;
			children = (
				A33B0ED926D27BAD001F6045 /* SwiftUIMemoDemoAppTests.swift */,
				A33B0EDB26D27BAD001F6045 /* Info.plist */,
			);
			path = SwiftUIMemoDemoAppTests;
			sourceTree = "<group>";
		};
		A33B0EE326D27BAD001F6045 /* SwiftUIMemoDemoAppUITests */ = {
			isa = PBXGroup;
			children = (
				A33B0EE426D27BAD001F6045 /* SwiftUIMemoDemoAppUITests.swift */,
				A33B0EE626D27BAD001F6045 /* Info.plist */,
			);
			path = SwiftUIMemoDemoAppUITests;
			sourceTree = "<group>";
		};
		A33B0EF526D27E97001F6045 /* Other */ = {
			isa = PBXGroup;
			children = (
				A33B0EC826D27BAD001F6045 /* Assets.xcassets */,
				A33B0ECD26D27BAD001F6045 /* LaunchScreen.storyboard */,
				A33B0EC226D27BAA001F6045 /* AppDelegate.swift */,
				A33B0EC426D27BAA001F6045 /* SceneDelegate.swift */,
			);
			path = Other;
			sourceTree = "<group>";
		};
		A33B0EF626D27F3B001F6045 /* Models */ = {
			isa = PBXGroup;
			children = (
				A33B0F9226D3D833001F6045 /* Realm */,
			);
			path = Models;
			sourceTree = "<group>";
		};
		A33B0EFC26D282D6001F6045 /* ViewModel */ = {
			isa = PBXGroup;
			children = (
				A33B0EFD26D282FC001F6045 /* MemoViewModel.swift */,
			);
			path = ViewModel;
			sourceTree = "<group>";
		};
		A33B0F0226D28344001F6045 /* View */ = {
			isa = PBXGroup;
			children = (
				A33B0F0326D2835F001F6045 /* MemoListView.swift */,
				A33B0F8726D3D711001F6045 /* MemoRowView.swift */,
			);
			path = View;
			sourceTree = "<group>";
		};
		A33B0F8C26D3D7D0001F6045 /* Helper */ = {
			isa = PBXGroup;
			children = (
				A33B0F8D26D3D80C001F6045 /* RealmDaoHelper.swift */,
			);
			path = Helper;
			sourceTree = "<group>";
		};
		A33B0F9226D3D833001F6045 /* Realm */ = {
			isa = PBXGroup;
			children = (
				A33B0F9326D3D84D001F6045 /* MemoDto.swift */,
				A33B0EF726D27FC0001F6045 /* MemoDao.swift */,
			);
			path = Realm;
			sourceTree = "<group>";
		};
/* End PBXGroup section */

/* Begin PBXNativeTarget section */
		A33B0EBE26D27BAA001F6045 /* SwiftUIMemoDemoApp */ = {
			isa = PBXNativeTarget;
			buildConfigurationList = A33B0EE926D27BAD001F6045 /* Build configuration list for PBXNativeTarget "SwiftUIMemoDemoApp" */;
			buildPhases = (
				6F8214320C7C34173AEEF135 /* [CP] Check Pods Manifest.lock */,
				A33B0EBB26D27BAA001F6045 /* Sources */,
				A33B0EBC26D27BAA001F6045 /* Frameworks */,
				A33B0EBD26D27BAA001F6045 /* Resources */,
				65355667203EA63BC2239375 /* [CP] Embed Pods Frameworks */,
			);
			buildRules = (
			);
			dependencies = (
			);
			name = SwiftUIMemoDemoApp;
			productName = SwiftUIMemoDemoApp;
			productReference = A33B0EBF26D27BAA001F6045 /* SwiftUIMemoDemoApp.app */;
			productType = "com.apple.product-type.application";
		};
		A33B0ED426D27BAD001F6045 /* SwiftUIMemoDemoAppTests */ = {
			isa = PBXNativeTarget;
			buildConfigurationList = A33B0EEC26D27BAD001F6045 /* Build configuration list for PBXNativeTarget "SwiftUIMemoDemoAppTests" */;
			buildPhases = (
				AE6A96DE751F70AED27A3192 /* [CP] Check Pods Manifest.lock */,
				A33B0ED126D27BAD001F6045 /* Sources */,
				A33B0ED226D27BAD001F6045 /* Frameworks */,
				A33B0ED326D27BAD001F6045 /* Resources */,
			);
			buildRules = (
			);
			dependencies = (
				A33B0ED726D27BAD001F6045 /* PBXTargetDependency */,
			);
			name = SwiftUIMemoDemoAppTests;
			productName = SwiftUIMemoDemoAppTests;
			productReference = A33B0ED526D27BAD001F6045 /* SwiftUIMemoDemoAppTests.xctest */;
			productType = "com.apple.product-type.bundle.unit-test";
		};
		A33B0EDF26D27BAD001F6045 /* SwiftUIMemoDemoAppUITests */ = {
			isa = PBXNativeTarget;
			buildConfigurationList = A33B0EEF26D27BAD001F6045 /* Build configuration list for PBXNativeTarget "SwiftUIMemoDemoAppUITests" */;
			buildPhases = (
				B04D42BA8D60EE94EDC5892C /* [CP] Check Pods Manifest.lock */,
				A33B0EDC26D27BAD001F6045 /* Sources */,
				A33B0EDD26D27BAD001F6045 /* Frameworks */,
				A33B0EDE26D27BAD001F6045 /* Resources */,
				4B8613C8184A5F9B93F69F64 /* [CP] Embed Pods Frameworks */,
			);
			buildRules = (
			);
			dependencies = (
				A33B0EE226D27BAD001F6045 /* PBXTargetDependency */,
			);
			name = SwiftUIMemoDemoAppUITests;
			productName = SwiftUIMemoDemoAppUITests;
			productReference = A33B0EE026D27BAD001F6045 /* SwiftUIMemoDemoAppUITests.xctest */;
			productType = "com.apple.product-type.bundle.ui-testing";
		};
/* End PBXNativeTarget section */

/* Begin PBXProject section */
		A33B0EB726D27BAA001F6045 /* Project object */ = {
			isa = PBXProject;
			attributes = {
				LastSwiftUpdateCheck = 1240;
				LastUpgradeCheck = 1240;
				TargetAttributes = {
					A33B0EBE26D27BAA001F6045 = {
						CreatedOnToolsVersion = 12.4;
					};
					A33B0ED426D27BAD001F6045 = {
						CreatedOnToolsVersion = 12.4;
						TestTargetID = A33B0EBE26D27BAA001F6045;
					};
					A33B0EDF26D27BAD001F6045 = {
						CreatedOnToolsVersion = 12.4;
						TestTargetID = A33B0EBE26D27BAA001F6045;
					};
				};
			};
			buildConfigurationList = A33B0EBA26D27BAA001F6045 /* Build configuration list for PBXProject "SwiftUIMemoDemoApp" */;
			compatibilityVersion = "Xcode 9.3";
			developmentRegion = en;
			hasScannedForEncodings = 0;
			knownRegions = (
				en,
				Base,
			);
			mainGroup = A33B0EB626D27BAA001F6045;
			productRefGroup = A33B0EC026D27BAA001F6045 /* Products */;
			projectDirPath = "";
			projectRoot = "";
			targets = (
				A33B0EBE26D27BAA001F6045 /* SwiftUIMemoDemoApp */,
				A33B0ED426D27BAD001F6045 /* SwiftUIMemoDemoAppTests */,
				A33B0EDF26D27BAD001F6045 /* SwiftUIMemoDemoAppUITests */,
			);
		};
/* End PBXProject section */

/* Begin PBXResourcesBuildPhase section */
		A33B0EBD26D27BAA001F6045 /* Resources */ = {
			isa = PBXResourcesBuildPhase;
			buildActionMask = 2147483647;
			files = (
				A33B0ECF26D27BAD001F6045 /* LaunchScreen.storyboard in Resources */,
				A33B0ECC26D27BAD001F6045 /* Preview Assets.xcassets in Resources */,
				A33B0EC926D27BAD001F6045 /* Assets.xcassets in Resources */,
			);
			runOnlyForDeploymentPostprocessing = 0;
		};
		A33B0ED326D27BAD001F6045 /* Resources */ = {
			isa = PBXResourcesBuildPhase;
			buildActionMask = 2147483647;
			files = (
			);
			runOnlyForDeploymentPostprocessing = 0;
		};
		A33B0EDE26D27BAD001F6045 /* Resources */ = {
			isa = PBXResourcesBuildPhase;
			buildActionMask = 2147483647;
			files = (
			);
			runOnlyForDeploymentPostprocessing = 0;
		};
/* End PBXResourcesBuildPhase section */

/* Begin PBXShellScriptBuildPhase section */
		4B8613C8184A5F9B93F69F64 /* [CP] Embed Pods Frameworks */ = {
			isa = PBXShellScriptBuildPhase;
			buildActionMask = 2147483647;
			files = (
			);
			inputFileListPaths = (
				"${PODS_ROOT}/Target Support Files/Pods-SwiftUIMemoDemoApp-SwiftUIMemoDemoAppUITests/Pods-SwiftUIMemoDemoApp-SwiftUIMemoDemoAppUITests-frameworks-${CONFIGURATION}-input-files.xcfilelist",
			);
			name = "[CP] Embed Pods Frameworks";
			outputFileListPaths = (
				"${PODS_ROOT}/Target Support Files/Pods-SwiftUIMemoDemoApp-SwiftUIMemoDemoAppUITests/Pods-SwiftUIMemoDemoApp-SwiftUIMemoDemoAppUITests-frameworks-${CONFIGURATION}-output-files.xcfilelist",
			);
			runOnlyForDeploymentPostprocessing = 0;
			shellPath = /bin/sh;
			shellScript = "\"${PODS_ROOT}/Target Support Files/Pods-SwiftUIMemoDemoApp-SwiftUIMemoDemoAppUITests/Pods-SwiftUIMemoDemoApp-SwiftUIMemoDemoAppUITests-frameworks.sh\"\n";
			showEnvVarsInLog = 0;
		};
		65355667203EA63BC2239375 /* [CP] Embed Pods Frameworks */ = {
			isa = PBXShellScriptBuildPhase;
			buildActionMask = 2147483647;
			files = (
			);
			inputFileListPaths = (
				"${PODS_ROOT}/Target Support Files/Pods-SwiftUIMemoDemoApp/Pods-SwiftUIMemoDemoApp-frameworks-${CONFIGURATION}-input-files.xcfilelist",
			);
			name = "[CP] Embed Pods Frameworks";
			outputFileListPaths = (
				"${PODS_ROOT}/Target Support Files/Pods-SwiftUIMemoDemoApp/Pods-SwiftUIMemoDemoApp-frameworks-${CONFIGURATION}-output-files.xcfilelist",
			);
			runOnlyForDeploymentPostprocessing = 0;
			shellPath = /bin/sh;
			shellScript = "\"${PODS_ROOT}/Target Support Files/Pods-SwiftUIMemoDemoApp/Pods-SwiftUIMemoDemoApp-frameworks.sh\"\n";
			showEnvVarsInLog = 0;
		};
		6F8214320C7C34173AEEF135 /* [CP] Check Pods Manifest.lock */ = {
			isa = PBXShellScriptBuildPhase;
			buildActionMask = 2147483647;
			files = (
			);
			inputFileListPaths = (
			);
			inputPaths = (
				"${PODS_PODFILE_DIR_PATH}/Podfile.lock",
				"${PODS_ROOT}/Manifest.lock",
			);
			name = "[CP] Check Pods Manifest.lock";
			outputFileListPaths = (
			);
			outputPaths = (
				"$(DERIVED_FILE_DIR)/Pods-SwiftUIMemoDemoApp-checkManifestLockResult.txt",
			);
			runOnlyForDeploymentPostprocessing = 0;
			shellPath = /bin/sh;
			shellScript = "diff \"${PODS_PODFILE_DIR_PATH}/Podfile.lock\" \"${PODS_ROOT}/Manifest.lock\" > /dev/null\nif [ $? != 0 ] ; then\n    # print error to STDERR\n    echo \"error: The sandbox is not in sync with the Podfile.lock. Run 'pod install' or update your CocoaPods installation.\" >&2\n    exit 1\nfi\n# This output is used by Xcode 'outputs' to avoid re-running this script phase.\necho \"SUCCESS\" > \"${SCRIPT_OUTPUT_FILE_0}\"\n";
			showEnvVarsInLog = 0;
		};
		AE6A96DE751F70AED27A3192 /* [CP] Check Pods Manifest.lock */ = {
			isa = PBXShellScriptBuildPhase;
			buildActionMask = 2147483647;
			files = (
			);
			inputFileListPaths = (
			);
			inputPaths = (
				"${PODS_PODFILE_DIR_PATH}/Podfile.lock",
				"${PODS_ROOT}/Manifest.lock",
			);
			name = "[CP] Check Pods Manifest.lock";
			outputFileListPaths = (
			);
			outputPaths = (
				"$(DERIVED_FILE_DIR)/Pods-SwiftUIMemoDemoAppTests-checkManifestLockResult.txt",
			);
			runOnlyForDeploymentPostprocessing = 0;
			shellPath = /bin/sh;
			shellScript = "diff \"${PODS_PODFILE_DIR_PATH}/Podfile.lock\" \"${PODS_ROOT}/Manifest.lock\" > /dev/null\nif [ $? != 0 ] ; then\n    # print error to STDERR\n    echo \"error: The sandbox is not in sync with the Podfile.lock. Run 'pod install' or update your CocoaPods installation.\" >&2\n    exit 1\nfi\n# This output is used by Xcode 'outputs' to avoid re-running this script phase.\necho \"SUCCESS\" > \"${SCRIPT_OUTPUT_FILE_0}\"\n";
			showEnvVarsInLog = 0;
		};
		B04D42BA8D60EE94EDC5892C /* [CP] Check Pods Manifest.lock */ = {
			isa = PBXShellScriptBuildPhase;
			buildActionMask = 2147483647;
			files = (
			);
			inputFileListPaths = (
			);
			inputPaths = (
				"${PODS_PODFILE_DIR_PATH}/Podfile.lock",
				"${PODS_ROOT}/Manifest.lock",
			);
			name = "[CP] Check Pods Manifest.lock";
			outputFileListPaths = (
			);
			outputPaths = (
				"$(DERIVED_FILE_DIR)/Pods-SwiftUIMemoDemoApp-SwiftUIMemoDemoAppUITests-checkManifestLockResult.txt",
			);
			runOnlyForDeploymentPostprocessing = 0;
			shellPath = /bin/sh;
			shellScript = "diff \"${PODS_PODFILE_DIR_PATH}/Podfile.lock\" \"${PODS_ROOT}/Manifest.lock\" > /dev/null\nif [ $? != 0 ] ; then\n    # print error to STDERR\n    echo \"error: The sandbox is not in sync with the Podfile.lock. Run 'pod install' or update your CocoaPods installation.\" >&2\n    exit 1\nfi\n# This output is used by Xcode 'outputs' to avoid re-running this script phase.\necho \"SUCCESS\" > \"${SCRIPT_OUTPUT_FILE_0}\"\n";
			showEnvVarsInLog = 0;
		};
/* End PBXShellScriptBuildPhase section */

/* Begin PBXSourcesBuildPhase section */
		A33B0EBB26D27BAA001F6045 /* Sources */ = {
			isa = PBXSourcesBuildPhase;
			buildActionMask = 2147483647;
			files = (
				A33B0EC326D27BAA001F6045 /* AppDelegate.swift in Sources */,
				A33B0EC526D27BAA001F6045 /* SceneDelegate.swift in Sources */,
				A33B0F0426D2835F001F6045 /* MemoListView.swift in Sources */,
				A33B0EFE26D282FC001F6045 /* MemoViewModel.swift in Sources */,
				A33B0EF826D27FC0001F6045 /* MemoDao.swift in Sources */,
				A33B0F9426D3D84D001F6045 /* MemoDto.swift in Sources */,
				A33B0F8826D3D711001F6045 /* MemoRowView.swift in Sources */,
				A33B0F8E26D3D80C001F6045 /* RealmDaoHelper.swift in Sources */,
			);
			runOnlyForDeploymentPostprocessing = 0;
		};
		A33B0ED126D27BAD001F6045 /* Sources */ = {
			isa = PBXSourcesBuildPhase;
			buildActionMask = 2147483647;
			files = (
				A33B0EDA26D27BAD001F6045 /* SwiftUIMemoDemoAppTests.swift in Sources */,
			);
			runOnlyForDeploymentPostprocessing = 0;
		};
		A33B0EDC26D27BAD001F6045 /* Sources */ = {
			isa = PBXSourcesBuildPhase;
			buildActionMask = 2147483647;
			files = (
				A33B0EE526D27BAD001F6045 /* SwiftUIMemoDemoAppUITests.swift in Sources */,
			);
			runOnlyForDeploymentPostprocessing = 0;
		};
/* End PBXSourcesBuildPhase section */

/* Begin PBXTargetDependency section */
		A33B0ED726D27BAD001F6045 /* PBXTargetDependency */ = {
			isa = PBXTargetDependency;
			target = A33B0EBE26D27BAA001F6045 /* SwiftUIMemoDemoApp */;
			targetProxy = A33B0ED626D27BAD001F6045 /* PBXContainerItemProxy */;
		};
		A33B0EE226D27BAD001F6045 /* PBXTargetDependency */ = {
			isa = PBXTargetDependency;
			target = A33B0EBE26D27BAA001F6045 /* SwiftUIMemoDemoApp */;
			targetProxy = A33B0EE126D27BAD001F6045 /* PBXContainerItemProxy */;
		};
/* End PBXTargetDependency section */

/* Begin PBXVariantGroup section */
		A33B0ECD26D27BAD001F6045 /* LaunchScreen.storyboard */ = {
			isa = PBXVariantGroup;
			children = (
				A33B0ECE26D27BAD001F6045 /* Base */,
			);
			name = LaunchScreen.storyboard;
			sourceTree = "<group>";
		};
/* End PBXVariantGroup section */

/* Begin XCBuildConfiguration section */
		A33B0EE726D27BAD001F6045 /* Debug */ = {
			isa = XCBuildConfiguration;
			buildSettings = {
				ALWAYS_SEARCH_USER_PATHS = NO;
				CLANG_ANALYZER_NONNULL = YES;
				CLANG_ANALYZER_NUMBER_OBJECT_CONVERSION = YES_AGGRESSIVE;
				CLANG_CXX_LANGUAGE_STANDARD = "gnu++14";
				CLANG_CXX_LIBRARY = "libc++";
				CLANG_ENABLE_MODULES = YES;
				CLANG_ENABLE_OBJC_ARC = YES;
				CLANG_ENABLE_OBJC_WEAK = YES;
				CLANG_WARN_BLOCK_CAPTURE_AUTORELEASING = YES;
				CLANG_WARN_BOOL_CONVERSION = YES;
				CLANG_WARN_COMMA = YES;
				CLANG_WARN_CONSTANT_CONVERSION = YES;
				CLANG_WARN_DEPRECATED_OBJC_IMPLEMENTATIONS = YES;
				CLANG_WARN_DIRECT_OBJC_ISA_USAGE = YES_ERROR;
				CLANG_WARN_DOCUMENTATION_COMMENTS = YES;
				CLANG_WARN_EMPTY_BODY = YES;
				CLANG_WARN_ENUM_CONVERSION = YES;
				CLANG_WARN_INFINITE_RECURSION = YES;
				CLANG_WARN_INT_CONVERSION = YES;
				CLANG_WARN_NON_LITERAL_NULL_CONVERSION = YES;
				CLANG_WARN_OBJC_IMPLICIT_RETAIN_SELF = YES;
				CLANG_WARN_OBJC_LITERAL_CONVERSION = YES;
				CLANG_WARN_OBJC_ROOT_CLASS = YES_ERROR;
				CLANG_WARN_QUOTED_INCLUDE_IN_FRAMEWORK_HEADER = YES;
				CLANG_WARN_RANGE_LOOP_ANALYSIS = YES;
				CLANG_WARN_STRICT_PROTOTYPES = YES;
				CLANG_WARN_SUSPICIOUS_MOVE = YES;
				CLANG_WARN_UNGUARDED_AVAILABILITY = YES_AGGRESSIVE;
				CLANG_WARN_UNREACHABLE_CODE = YES;
				CLANG_WARN__DUPLICATE_METHOD_MATCH = YES;
				COPY_PHASE_STRIP = NO;
				DEBUG_INFORMATION_FORMAT = dwarf;
				ENABLE_STRICT_OBJC_MSGSEND = YES;
				ENABLE_TESTABILITY = YES;
				GCC_C_LANGUAGE_STANDARD = gnu11;
				GCC_DYNAMIC_NO_PIC = NO;
				GCC_NO_COMMON_BLOCKS = YES;
				GCC_OPTIMIZATION_LEVEL = 0;
				GCC_PREPROCESSOR_DEFINITIONS = (
					"DEBUG=1",
					"$(inherited)",
				);
				GCC_WARN_64_TO_32_BIT_CONVERSION = YES;
				GCC_WARN_ABOUT_RETURN_TYPE = YES_ERROR;
				GCC_WARN_UNDECLARED_SELECTOR = YES;
				GCC_WARN_UNINITIALIZED_AUTOS = YES_AGGRESSIVE;
				GCC_WARN_UNUSED_FUNCTION = YES;
				GCC_WARN_UNUSED_VARIABLE = YES;
				IPHONEOS_DEPLOYMENT_TARGET = 14.4;
				MTL_ENABLE_DEBUG_INFO = INCLUDE_SOURCE;
				MTL_FAST_MATH = YES;
				ONLY_ACTIVE_ARCH = YES;
				SDKROOT = iphoneos;
				SWIFT_ACTIVE_COMPILATION_CONDITIONS = DEBUG;
				SWIFT_OPTIMIZATION_LEVEL = "-Onone";
			};
			name = Debug;
		};
		A33B0EE826D27BAD001F6045 /* Release */ = {
			isa = XCBuildConfiguration;
			buildSettings = {
				ALWAYS_SEARCH_USER_PATHS = NO;
				CLANG_ANALYZER_NONNULL = YES;
				CLANG_ANALYZER_NUMBER_OBJECT_CONVERSION = YES_AGGRESSIVE;
				CLANG_CXX_LANGUAGE_STANDARD = "gnu++14";
				CLANG_CXX_LIBRARY = "libc++";
				CLANG_ENABLE_MODULES = YES;
				CLANG_ENABLE_OBJC_ARC = YES;
				CLANG_ENABLE_OBJC_WEAK = YES;
				CLANG_WARN_BLOCK_CAPTURE_AUTORELEASING = YES;
				CLANG_WARN_BOOL_CONVERSION = YES;
				CLANG_WARN_COMMA = YES;
				CLANG_WARN_CONSTANT_CONVERSION = YES;
				CLANG_WARN_DEPRECATED_OBJC_IMPLEMENTATIONS = YES;
				CLANG_WARN_DIRECT_OBJC_ISA_USAGE = YES_ERROR;
				CLANG_WARN_DOCUMENTATION_COMMENTS = YES;
				CLANG_WARN_EMPTY_BODY = YES;
				CLANG_WARN_ENUM_CONVERSION = YES;
				CLANG_WARN_INFINITE_RECURSION = YES;
				CLANG_WARN_INT_CONVERSION = YES;
				CLANG_WARN_NON_LITERAL_NULL_CONVERSION = YES;
				CLANG_WARN_OBJC_IMPLICIT_RETAIN_SELF = YES;
				CLANG_WARN_OBJC_LITERAL_CONVERSION = YES;
				CLANG_WARN_OBJC_ROOT_CLASS = YES_ERROR;
				CLANG_WARN_QUOTED_INCLUDE_IN_FRAMEWORK_HEADER = YES;
				CLANG_WARN_RANGE_LOOP_ANALYSIS = YES;
				CLANG_WARN_STRICT_PROTOTYPES = YES;
				CLANG_WARN_SUSPICIOUS_MOVE = YES;
				CLANG_WARN_UNGUARDED_AVAILABILITY = YES_AGGRESSIVE;
				CLANG_WARN_UNREACHABLE_CODE = YES;
				CLANG_WARN__DUPLICATE_METHOD_MATCH = YES;
				COPY_PHASE_STRIP = NO;
				DEBUG_INFORMATION_FORMAT = "dwarf-with-dsym";
				ENABLE_NS_ASSERTIONS = NO;
				ENABLE_STRICT_OBJC_MSGSEND = YES;
				GCC_C_LANGUAGE_STANDARD = gnu11;
				GCC_NO_COMMON_BLOCKS = YES;
				GCC_WARN_64_TO_32_BIT_CONVERSION = YES;
				GCC_WARN_ABOUT_RETURN_TYPE = YES_ERROR;
				GCC_WARN_UNDECLARED_SELECTOR = YES;
				GCC_WARN_UNINITIALIZED_AUTOS = YES_AGGRESSIVE;
				GCC_WARN_UNUSED_FUNCTION = YES;
				GCC_WARN_UNUSED_VARIABLE = YES;
				IPHONEOS_DEPLOYMENT_TARGET = 14.4;
				MTL_ENABLE_DEBUG_INFO = NO;
				MTL_FAST_MATH = YES;
				SDKROOT = iphoneos;
				SWIFT_COMPILATION_MODE = wholemodule;
				SWIFT_OPTIMIZATION_LEVEL = "-O";
				VALIDATE_PRODUCT = YES;
			};
			name = Release;
		};
		A33B0EEA26D27BAD001F6045 /* Debug */ = {
			isa = XCBuildConfiguration;
			baseConfigurationReference = 017E870E0079FD866B493F7C /* Pods-SwiftUIMemoDemoApp.debug.xcconfig */;
			buildSettings = {
				ASSETCATALOG_COMPILER_APPICON_NAME = AppIcon;
				ASSETCATALOG_COMPILER_GLOBAL_ACCENT_COLOR_NAME = AccentColor;
				CODE_SIGN_STYLE = Automatic;
				DEVELOPMENT_ASSET_PATHS = "\"SwiftUIMemoDemoApp/Preview Content\"";
				DEVELOPMENT_TEAM = F39YLTWJFM;
				ENABLE_PREVIEWS = YES;
				INFOPLIST_FILE = SwiftUIMemoDemoApp/Info.plist;
				LD_RUNPATH_SEARCH_PATHS = (
					"$(inherited)",
					"@executable_path/Frameworks",
				);
				PRODUCT_BUNDLE_IDENTIFIER = Ryota.F.SwiftUIMemoDemoApp;
				PRODUCT_NAME = "$(TARGET_NAME)";
				SWIFT_VERSION = 5.0;
				TARGETED_DEVICE_FAMILY = "1,2";
			};
			name = Debug;
		};
		A33B0EEB26D27BAD001F6045 /* Release */ = {
			isa = XCBuildConfiguration;
			baseConfigurationReference = 05328171C3A3B9F40DCCEF2A /* Pods-SwiftUIMemoDemoApp.release.xcconfig */;
			buildSettings = {
				ASSETCATALOG_COMPILER_APPICON_NAME = AppIcon;
				ASSETCATALOG_COMPILER_GLOBAL_ACCENT_COLOR_NAME = AccentColor;
				CODE_SIGN_STYLE = Automatic;
				DEVELOPMENT_ASSET_PATHS = "\"SwiftUIMemoDemoApp/Preview Content\"";
				DEVELOPMENT_TEAM = F39YLTWJFM;
				ENABLE_PREVIEWS = YES;
				INFOPLIST_FILE = SwiftUIMemoDemoApp/Info.plist;
				LD_RUNPATH_SEARCH_PATHS = (
					"$(inherited)",
					"@executable_path/Frameworks",
				);
				PRODUCT_BUNDLE_IDENTIFIER = Ryota.F.SwiftUIMemoDemoApp;
				PRODUCT_NAME = "$(TARGET_NAME)";
				SWIFT_VERSION = 5.0;
				TARGETED_DEVICE_FAMILY = "1,2";
			};
			name = Release;
		};
		A33B0EED26D27BAD001F6045 /* Debug */ = {
			isa = XCBuildConfiguration;
			baseConfigurationReference = 68C8A3BA777FF75B93ACDB2E /* Pods-SwiftUIMemoDemoAppTests.debug.xcconfig */;
			buildSettings = {
				ALWAYS_EMBED_SWIFT_STANDARD_LIBRARIES = YES;
				BUNDLE_LOADER = "$(TEST_HOST)";
				CODE_SIGN_STYLE = Automatic;
				DEVELOPMENT_TEAM = F39YLTWJFM;
				INFOPLIST_FILE = SwiftUIMemoDemoAppTests/Info.plist;
				IPHONEOS_DEPLOYMENT_TARGET = 14.4;
				LD_RUNPATH_SEARCH_PATHS = (
					"$(inherited)",
					"@executable_path/Frameworks",
					"@loader_path/Frameworks",
				);
				PRODUCT_BUNDLE_IDENTIFIER = Ryota.F.SwiftUIMemoDemoAppTests;
				PRODUCT_NAME = "$(TARGET_NAME)";
				SWIFT_VERSION = 5.0;
				TARGETED_DEVICE_FAMILY = "1,2";
				TEST_HOST = "$(BUILT_PRODUCTS_DIR)/SwiftUIMemoDemoApp.app/SwiftUIMemoDemoApp";
			};
			name = Debug;
		};
		A33B0EEE26D27BAD001F6045 /* Release */ = {
			isa = XCBuildConfiguration;
			baseConfigurationReference = F4B7BBA7077FBF449641C014 /* Pods-SwiftUIMemoDemoAppTests.release.xcconfig */;
			buildSettings = {
				ALWAYS_EMBED_SWIFT_STANDARD_LIBRARIES = YES;
				BUNDLE_LOADER = "$(TEST_HOST)";
				CODE_SIGN_STYLE = Automatic;
				DEVELOPMENT_TEAM = F39YLTWJFM;
				INFOPLIST_FILE = SwiftUIMemoDemoAppTests/Info.plist;
				IPHONEOS_DEPLOYMENT_TARGET = 14.4;
				LD_RUNPATH_SEARCH_PATHS = (
					"$(inherited)",
					"@executable_path/Frameworks",
					"@loader_path/Frameworks",
				);
				PRODUCT_BUNDLE_IDENTIFIER = Ryota.F.SwiftUIMemoDemoAppTests;
				PRODUCT_NAME = "$(TARGET_NAME)";
				SWIFT_VERSION = 5.0;
				TARGETED_DEVICE_FAMILY = "1,2";
				TEST_HOST = "$(BUILT_PRODUCTS_DIR)/SwiftUIMemoDemoApp.app/SwiftUIMemoDemoApp";
			};
			name = Release;
		};
		A33B0EF026D27BAD001F6045 /* Debug */ = {
			isa = XCBuildConfiguration;
			baseConfigurationReference = 188F44A613911D6E536619BE /* Pods-SwiftUIMemoDemoApp-SwiftUIMemoDemoAppUITests.debug.xcconfig */;
			buildSettings = {
				ALWAYS_EMBED_SWIFT_STANDARD_LIBRARIES = YES;
				CODE_SIGN_STYLE = Automatic;
				DEVELOPMENT_TEAM = F39YLTWJFM;
				INFOPLIST_FILE = SwiftUIMemoDemoAppUITests/Info.plist;
				LD_RUNPATH_SEARCH_PATHS = (
					"$(inherited)",
					"@executable_path/Frameworks",
					"@loader_path/Frameworks",
				);
				PRODUCT_BUNDLE_IDENTIFIER = Ryota.F.SwiftUIMemoDemoAppUITests;
				PRODUCT_NAME = "$(TARGET_NAME)";
				SWIFT_VERSION = 5.0;
				TARGETED_DEVICE_FAMILY = "1,2";
				TEST_TARGET_NAME = SwiftUIMemoDemoApp;
			};
			name = Debug;
		};
		A33B0EF126D27BAD001F6045 /* Release */ = {
			isa = XCBuildConfiguration;
			baseConfigurationReference = 879C2E50FCF379F56EB54CAB /* Pods-SwiftUIMemoDemoApp-SwiftUIMemoDemoAppUITests.release.xcconfig */;
			buildSettings = {
				ALWAYS_EMBED_SWIFT_STANDARD_LIBRARIES = YES;
				CODE_SIGN_STYLE = Automatic;
				DEVELOPMENT_TEAM = F39YLTWJFM;
				INFOPLIST_FILE = SwiftUIMemoDemoAppUITests/Info.plist;
				LD_RUNPATH_SEARCH_PATHS = (
					"$(inherited)",
					"@executable_path/Frameworks",
					"@loader_path/Frameworks",
				);
				PRODUCT_BUNDLE_IDENTIFIER = Ryota.F.SwiftUIMemoDemoAppUITests;
				PRODUCT_NAME = "$(TARGET_NAME)";
				SWIFT_VERSION = 5.0;
				TARGETED_DEVICE_FAMILY = "1,2";
				TEST_TARGET_NAME = SwiftUIMemoDemoApp;
			};
			name = Release;
		};
/* End XCBuildConfiguration section */

/* Begin XCConfigurationList section */
		A33B0EBA26D27BAA001F6045 /* Build configuration list for PBXProject "SwiftUIMemoDemoApp" */ = {
			isa = XCConfigurationList;
			buildConfigurations = (
				A33B0EE726D27BAD001F6045 /* Debug */,
				A33B0EE826D27BAD001F6045 /* Release */,
			);
			defaultConfigurationIsVisible = 0;
			defaultConfigurationName = Release;
		};
		A33B0EE926D27BAD001F6045 /* Build configuration list for PBXNativeTarget "SwiftUIMemoDemoApp" */ = {
			isa = XCConfigurationList;
			buildConfigurations = (
				A33B0EEA26D27BAD001F6045 /* Debug */,
				A33B0EEB26D27BAD001F6045 /* Release */,
			);
			defaultConfigurationIsVisible = 0;
			defaultConfigurationName = Release;
		};
		A33B0EEC26D27BAD001F6045 /* Build configuration list for PBXNativeTarget "SwiftUIMemoDemoAppTests" */ = {
			isa = XCConfigurationList;
			buildConfigurations = (
				A33B0EED26D27BAD001F6045 /* Debug */,
				A33B0EEE26D27BAD001F6045 /* Release */,
			);
			defaultConfigurationIsVisible = 0;
			defaultConfigurationName = Release;
		};
		A33B0EEF26D27BAD001F6045 /* Build configuration list for PBXNativeTarget "SwiftUIMemoDemoAppUITests" */ = {
			isa = XCConfigurationList;
			buildConfigurations = (
				A33B0EF026D27BAD001F6045 /* Debug */,
				A33B0EF126D27BAD001F6045 /* Release */,
			);
			defaultConfigurationIsVisible = 0;
			defaultConfigurationName = Release;
		};
/* End XCConfigurationList section */
	};
	rootObject = A33B0EB726D27BAA001F6045 /* Project object */;
}
